
Microsoft Visual Studio Solution File, Format Version 12.00
Project("{FAE04EC0-301F-11D3-BF4B-00C04F79EFBC}") = "flight-planner", "flight-planner\flight-planner.csproj", "{63FD93EB-5EE9-4C13-A632-2645A227D088}"
EndProject
Global
	GlobalSection(SolutionConfigurationPlatforms) = preSolution
		Debug|Any CPU = Debug|Any CPU
		Release|Any CPU = Release|Any CPU
	EndGlobalSection
	GlobalSection(ProjectConfigurationPlatforms) = postSolution
		{63FD93EB-5EE9-4C13-A632-2645A227D088}.Debug|Any CPU.ActiveCfg = Debug|Any CPU
		{63FD93EB-5EE9-4C13-A632-2645A227D088}.Debug|Any CPU.Build.0 = Debug|Any CPU
		{63FD93EB-5EE9-4C13-A632-2645A227D088}.Release|Any CPU.ActiveCfg = Release|Any CPU
		{63FD93EB-5EE9-4C13-A632-2645A227D088}.Release|Any CPU.Build.0 = Release|Any CPU
	EndGlobalSection
EndGlobal
